PODS:
  - CocoaLumberjack/Core (3.5.3)
  - CocoaLumberjack/Swift (3.5.3):
    - CocoaLumberjack/Core

DEPENDENCIES:
  - CocoaLumberjack/Swift (= 3.5.3)

SPEC REPOS:
  https://github.com/cocoapods/specs.git:
    - CocoaLumberjack

SPEC CHECKSUMS:
  CocoaLumberjack: 2f44e60eb91c176d471fdba43b9e3eae6a721947

PODFILE CHECKSUM: e8ebada120fcaaaf66492d35cc771d2c1c470d57

COCOAPODS: 1.7.3
